// !$*UTF8*$!
{
	archiveVersion = 1;
	classes = {
	};
	objectVersion = 50;
	objects = {

/* Begin PBXBuildFile section */
		72A949FB22B293A100263836 /* AppDelegate.swift in Sources */ = {isa = PBXBuildFile; fileRef = 72A949FA22B293A100263836 /* AppDelegate.swift */; };
		72A94A0022B293A100263836 /* Main.storyboard in Resources */ = {isa = PBXBuildFile; fileRef = 72A949FE22B293A100263836 /* Main.storyboard */; };
		72A94A0222B293A400263836 /* Assets.xcassets in Resources */ = {isa = PBXBuildFile; fileRef = 72A94A0122B293A400263836 /* Assets.xcassets */; };
		72A94A0522B293A400263836 /* LaunchScreen.storyboard in Resources */ = {isa = PBXBuildFile; fileRef = 72A94A0322B293A400263836 /* LaunchScreen.storyboard */; };
		72A94A0D22B293FE00263836 /* HomeController.swift in Sources */ = {isa = PBXBuildFile; fileRef = 72A94A0C22B293FE00263836 /* HomeController.swift */; };
		72A94A1022B296DA00263836 /* Retro60Prime.ttf in Resources */ = {isa = PBXBuildFile; fileRef = 72A94A0F22B296DA00263836 /* Retro60Prime.ttf */; };
		72A94A1222B382DC00263836 /* Console.swift in Sources */ = {isa = PBXBuildFile; fileRef = 72A94A1122B382DC00263836 /* Console.swift */; };
		72A94A1422B38A5800263836 /* ConsoleCollection.swift in Sources */ = {isa = PBXBuildFile; fileRef = 72A94A1322B38A5800263836 /* ConsoleCollection.swift */; };
		72A94A1622B3917300263836 /* DetailController.swift in Sources */ = {isa = PBXBuildFile; fileRef = 72A94A1522B3917300263836 /* DetailController.swift */; };
/* End PBXBuildFile section */

/* Begin PBXFileReference section */
		72A949F722B293A100263836 /* Retro.app */ = {isa = PBXFileReference; explicitFileType = wrapper.application; includeInIndex = 0; path = Retro.app; sourceTree = BUILT_PRODUCTS_DIR; };
		72A949FA22B293A100263836 /* AppDelegate.swift */ = {isa = PBXFileReference; lastKnownFileType = sourcecode.swift; path = AppDelegate.swift; sourceTree = "<group>"; };
		72A949FF22B293A100263836 /* Base */ = {isa = PBXFileReference; lastKnownFileType = file.storyboard; name = Base; path = Base.lproj/Main.storyboard; sourceTree = "<group>"; };
		72A94A0122B293A400263836 /* Assets.xcassets */ = {isa = PBXFileReference; lastKnownFileType = folder.assetcatalog; path = Assets.xcassets; sourceTree = "<group>"; };
		72A94A0422B293A400263836 /* Base */ = {isa = PBXFileReference; lastKnownFileType = file.storyboard; name = Base; path = Base.lproj/LaunchScreen.storyboard; sourceTree = "<group>"; };
		72A94A0622B293A400263836 /* Info.plist */ = {isa = PBXFileReference; lastKnownFileType = text.plist.xml; path = Info.plist; sourceTree = "<group>"; };
		72A94A0C22B293FE00263836 /* HomeController.swift */ = {isa = PBXFileReference; lastKnownFileType = sourcecode.swift; path = HomeController.swift; sourceTree = "<group>"; };
		72A94A0F22B296DA00263836 /* Retro60Prime.ttf */ = {isa = PBXFileReference; lastKnownFileType = file; path = Retro60Prime.ttf; sourceTree = "<group>"; };
		72A94A1122B382DC00263836 /* Console.swift */ = {isa = PBXFileReference; lastKnownFileType = sourcecode.swift; path = Console.swift; sourceTree = "<group>"; };
		72A94A1322B38A5800263836 /* ConsoleCollection.swift */ = {isa = PBXFileReference; fileEncoding = 4; lastKnownFileType = sourcecode.swift; path = ConsoleCollection.swift; sourceTree = "<group>"; };
		72A94A1522B3917300263836 /* DetailController.swift */ = {isa = PBXFileReference; lastKnownFileType = sourcecode.swift; path = DetailController.swift; sourceTree = "<group>"; };
/* End PBXFileReference section */

/* Begin PBXFrameworksBuildPhase section */
		72A949F422B293A100263836 /* Frameworks */ = {
			isa = PBXFrameworksBuildPhase;
			buildActionMask = 2147483647;
			files = (
			);
			runOnlyForDeploymentPostprocessing = 0;
		};
/* End PBXFrameworksBuildPhase section */

/* Begin PBXGroup section */
		72A949EE22B293A100263836 = {
			isa = PBXGroup;
			children = (
				72A94A0E22B296B700263836 /* Ressources */,
				72A949F922B293A100263836 /* Retro */,
				72A949F822B293A100263836 /* Products */,
			);
			sourceTree = "<group>";
		};
		72A949F822B293A100263836 /* Products */ = {
			isa = PBXGroup;
			children = (
				72A949F722B293A100263836 /* Retro.app */,
			);
			name = Products;
			sourceTree = "<group>";
		};
		72A949F922B293A100263836 /* Retro */ = {
			isa = PBXGroup;
			children = (
				72A949FA22B293A100263836 /* AppDelegate.swift */,
				72A949FE22B293A100263836 /* Main.storyboard */,
				72A94A0122B293A400263836 /* Assets.xcassets */,
				72A94A0322B293A400263836 /* LaunchScreen.storyboard */,
				72A94A0622B293A400263836 /* Info.plist */,
				72A94A0C22B293FE00263836 /* HomeController.swift */,
				72A94A1322B38A5800263836 /* ConsoleCollection.swift */,
				72A94A1122B382DC00263836 /* Console.swift */,
				72A94A1522B3917300263836 /* DetailController.swift */,
			);
			path = Retro;
			sourceTree = "<group>";
		};
		72A94A0E22B296B700263836 /* Ressources */ = {
			isa = PBXGroup;
			children = (
				72A94A0F22B296DA00263836 /* Retro60Prime.ttf */,
			);
			path = Ressources;
			sourceTree = "<group>";
		};
/* End PBXGroup section */

/* Begin PBXNativeTarget section */
		72A949F622B293A100263836 /* Retro */ = {
			isa = PBXNativeTarget;
			buildConfigurationList = 72A94A0922B293A400263836 /* Build configuration list for PBXNativeTarget "Retro" */;
			buildPhases = (
				72A949F322B293A100263836 /* Sources */,
				72A949F422B293A100263836 /* Frameworks */,
				72A949F522B293A100263836 /* Resources */,
			);
			buildRules = (
			);
			dependencies = (
			);
			name = Retro;
			productName = Retro;
			productReference = 72A949F722B293A100263836 /* Retro.app */;
			productType = "com.apple.product-type.application";
		};
/* End PBXNativeTarget section */

/* Begin PBXProject section */
		72A949EF22B293A100263836 /* Project object */ = {
			isa = PBXProject;
			attributes = {
				LastSwiftUpdateCheck = 1020;
				LastUpgradeCheck = 1020;
				ORGANIZATIONNAME = "marianne massé";
				TargetAttributes = {
					72A949F622B293A100263836 = {
						CreatedOnToolsVersion = 10.2.1;
					};
				};
			};
			buildConfigurationList = 72A949F222B293A100263836 /* Build configuration list for PBXProject "Retro" */;
			compatibilityVersion = "Xcode 9.3";
			developmentRegion = en;
			hasScannedForEncodings = 0;
			knownRegions = (
				en,
				Base,
			);
			mainGroup = 72A949EE22B293A100263836;
			productRefGroup = 72A949F822B293A100263836 /* Products */;
			projectDirPath = "";
			projectRoot = "";
			targets = (
				72A949F622B293A100263836 /* Retro */,
			);
		};
/* End PBXProject section */

/* Begin PBXResourcesBuildPhase section */
		72A949F522B293A100263836 /* Resources */ = {
			isa = PBXResourcesBuildPhase;
			buildActionMask = 2147483647;
			files = (
				72A94A0522B293A400263836 /* LaunchScreen.storyboard in Resources */,
				72A94A0222B293A400263836 /* Assets.xcassets in Resources */,
				72A94A0022B293A100263836 /* Main.storyboard in Resources */,
				72A94A1022B296DA00263836 /* Retro60Prime.ttf in Resources */,
			);
			runOnlyForDeploymentPostprocessing = 0;
		};
/* End PBXResourcesBuildPhase section */

/* Begin PBXSourcesBuildPhase section */
		72A949F322B293A100263836 /* Sources */ = {
			isa = PBXSourcesBuildPhase;
			buildActionMask = 2147483647;
			files = (
				72A94A0D22B293FE00263836 /* HomeController.swift in Sources */,
				72A94A1422B38A5800263836 /* ConsoleCollection.swift in Sources */,
				72A94A1222B382DC00263836 /* Console.swift in Sources */,
				72A94A1622B3917300263836 /* DetailController.swift in Sources */,
				72A949FB22B293A100263836 /* AppDelegate.swift in Sources */,
			);
			runOnlyForDeploymentPostprocessing = 0;
		};
/* End PBXSourcesBuildPhase section */

/* Begin PBXVariantGroup section */
		72A949FE22B293A100263836 /* Main.storyboard */ = {
			isa = PBXVariantGroup;
			children = (
				72A949FF22B293A100263836 /* Base */,
			);
			name = Main.storyboard;
			sourceTree = "<group>";
		};
		72A94A0322B293A400263836 /* LaunchScreen.storyboard */ = {
			isa = PBXVariantGroup;
			children = (
				72A94A0422B293A400263836 /* Base */,
			);
			name = LaunchScreen.storyboard;
			sourceTree = "<group>";
		};
/* End PBXVariantGroup section */

/* Begin XCBuildConfiguration section */
		72A94A0722B293A400263836 /* Debug */ = {
			isa = XCBuildConfiguration;
			buildSettings = {
				ALWAYS_SEARCH_USER_PATHS = NO;
				CLANG_ANALYZER_NONNULL = YES;
				CLANG_ANALYZER_NUMBER_OBJECT_CONVERSION = YES_AGGRESSIVE;
				CLANG_CXX_LANGUAGE_STANDARD = "gnu++14";
				CLANG_CXX_LIBRARY = "libc++";
				CLANG_ENABLE_MODULES = YES;
				CLANG_ENABLE_OBJC_ARC = YES;
				CLANG_ENABLE_OBJC_WEAK = YES;
				CLANG_WARN_BLOCK_CAPTURE_AUTORELEASING = YES;
				CLANG_WARN_BOOL_CONVERSION = YES;
				CLANG_WARN_COMMA = YES;
				CLANG_WARN_CONSTANT_CONVERSION = YES;
				CLANG_WARN_DEPRECATED_OBJC_IMPLEMENTATIONS = YES;
				CLANG_WARN_DIRECT_OBJC_ISA_USAGE = YES_ERROR;
				CLANG_WARN_DOCUMENTATION_COMMENTS = YES;
				CLANG_WARN_EMPTY_BODY = YES;
				CLANG_WARN_ENUM_CONVERSION = YES;
				CLANG_WARN_INFINITE_RECURSION = YES;
				CLANG_WARN_INT_CONVERSION = YES;
				CLANG_WARN_NON_LITERAL_NULL_CONVERSION = YES;
				CLANG_WARN_OBJC_IMPLICIT_RETAIN_SELF = YES;
				CLANG_WARN_OBJC_LITERAL_CONVERSION = YES;
				CLANG_WARN_OBJC_ROOT_CLASS = YES_ERROR;
				CLANG_WARN_RANGE_LOOP_ANALYSIS = YES;
				CLANG_WARN_STRICT_PROTOTYPES = YES;
				CLANG_WARN_SUSPICIOUS_MOVE = YES;
				CLANG_WARN_UNGUARDED_AVAILABILITY = YES_AGGRESSIVE;
				CLANG_WARN_UNREACHABLE_CODE = YES;
				CLANG_WARN__DUPLICATE_METHOD_MATCH = YES;
				CODE_SIGN_IDENTITY = "iPhone Developer";
				COPY_PHASE_STRIP = NO;
				DEBUG_INFORMATION_FORMAT = dwarf;
				ENABLE_STRICT_OBJC_MSGSEND = YES;
				ENABLE_TESTABILITY = YES;
				GCC_C_LANGUAGE_STANDARD = gnu11;
				GCC_DYNAMIC_NO_PIC = NO;
				GCC_NO_COMMON_BLOCKS = YES;
				GCC_OPTIMIZATION_LEVEL = 0;
				GCC_PREPROCESSOR_DEFINITIONS = (
					"DEBUG=1",
					"$(inherited)",
				);
				GCC_WARN_64_TO_32_BIT_CONVERSION = YES;
				GCC_WARN_ABOUT_RETURN_TYPE = YES_ERROR;
				GCC_WARN_UNDECLARED_SELECTOR = YES;
				GCC_WARN_UNINITIALIZED_AUTOS = YES_AGGRESSIVE;
				GCC_WARN_UNUSED_FUNCTION = YES;
				GCC_WARN_UNUSED_VARIABLE = YES;
				IPHONEOS_DEPLOYMENT_TARGET = 12.2;
				MTL_ENABLE_DEBUG_INFO = INCLUDE_SOURCE;
				MTL_FAST_MATH = YES;
				ONLY_ACTIVE_ARCH = YES;
				SDKROOT = iphoneos;
				SWIFT_ACTIVE_COMPILATION_CONDITIONS = DEBUG;
				SWIFT_OPTIMIZATION_LEVEL = "-Onone";
			};
			name = Debug;
		};
		72A94A0822B293A400263836 /* Release */ = {
			isa = XCBuildConfiguration;
			buildSettings = {
				ALWAYS_SEARCH_USER_PATHS = NO;
				CLANG_ANALYZER_NONNULL = YES;
				CLANG_ANALYZER_NUMBER_OBJECT_CONVERSION = YES_AGGRESSIVE;
				CLANG_CXX_LANGUAGE_STANDARD = "gnu++14";
				CLANG_CXX_LIBRARY = "libc++";
				CLANG_ENABLE_MODULES = YES;
				CLANG_ENABLE_OBJC_ARC = YES;
				CLANG_ENABLE_OBJC_WEAK = YES;
				CLANG_WARN_BLOCK_CAPTURE_AUTORELEASING = YES;
				CLANG_WARN_BOOL_CONVERSION = YES;
				CLANG_WARN_COMMA = YES;
				CLANG_WARN_CONSTANT_CONVERSION = YES;
				CLANG_WARN_DEPRECATED_OBJC_IMPLEMENTATIONS = YES;
				CLANG_WARN_DIRECT_OBJC_ISA_USAGE = YES_ERROR;
				CLANG_WARN_DOCUMENTATION_COMMENTS = YES;
				CLANG_WARN_EMPTY_BODY = YES;
				CLANG_WARN_ENUM_CONVERSION = YES;
				CLANG_WARN_INFINITE_RECURSION = YES;
				CLANG_WARN_INT_CONVERSION = YES;
				CLANG_WARN_NON_LITERAL_NULL_CONVERSION = YES;
				CLANG_WARN_OBJC_IMPLICIT_RETAIN_SELF = YES;
				CLANG_WARN_OBJC_LITERAL_CONVERSION = YES;
				CLANG_WARN_OBJC_ROOT_CLASS = YES_ERROR;
				CLANG_WARN_RANGE_LOOP_ANALYSIS = YES;
				CLANG_WARN_STRICT_PROTOTYPES = YES;
				CLANG_WARN_SUSPICIOUS_MOVE = YES;
				CLANG_WARN_UNGUARDED_AVAILABILITY = YES_AGGRESSIVE;
				CLANG_WARN_UNREACHABLE_CODE = YES;
				CLANG_WARN__DUPLICATE_METHOD_MATCH = YES;
				CODE_SIGN_IDENTITY = "iPhone Developer";
				COPY_PHASE_STRIP = NO;
				DEBUG_INFORMATION_FORMAT = "dwarf-with-dsym";
				ENABLE_NS_ASSERTIONS = NO;
				ENABLE_STRICT_OBJC_MSGSEND = YES;
				GCC_C_LANGUAGE_STANDARD = gnu11;
				GCC_NO_COMMON_BLOCKS = YES;
				GCC_WARN_64_TO_32_BIT_CONVERSION = YES;
				GCC_WARN_ABOUT_RETURN_TYPE = YES_ERROR;
				GCC_WARN_UNDECLARED_SELECTOR = YES;
				GCC_WARN_UNINITIALIZED_AUTOS = YES_AGGRESSIVE;
				GCC_WARN_UNUSED_FUNCTION = YES;
				GCC_WARN_UNUSED_VARIABLE = YES;
				IPHONEOS_DEPLOYMENT_TARGET = 12.2;
				MTL_ENABLE_DEBUG_INFO = NO;
				MTL_FAST_MATH = YES;
				SDKROOT = iphoneos;
				SWIFT_COMPILATION_MODE = wholemodule;
				SWIFT_OPTIMIZATION_LEVEL = "-O";
				VALIDATE_PRODUCT = YES;
			};
			name = Release;
		};
		72A94A0A22B293A400263836 /* Debug */ = {
			isa = XCBuildConfiguration;
			buildSettings = {
				ASSETCATALOG_COMPILER_APPICON_NAME = AppIcon;
				CODE_SIGN_STYLE = Automatic;
				DEVELOPMENT_TEAM = BGGLL93M78;
				INFOPLIST_FILE = Retro/Info.plist;
				LD_RUNPATH_SEARCH_PATHS = (
					"$(inherited)",
					"@executable_path/Frameworks",
				);
				PRODUCT_BUNDLE_IDENTIFIER = com.mji.Retro;
				PRODUCT_NAME = "$(TARGET_NAME)";
				SWIFT_VERSION = 5.0;
				TARGETED_DEVICE_FAMILY = "1,2";
			};
			name = Debug;
		};
		72A94A0B22B293A400263836 /* Release */ = {
			isa = XCBuildConfiguration;
			buildSettings = {
				ASSETCATALOG_COMPILER_APPICON_NAME = AppIcon;
				CODE_SIGN_STYLE = Automatic;
				DEVELOPMENT_TEAM = BGGLL93M78;
				INFOPLIST_FILE = Retro/Info.plist;
				LD_RUNPATH_SEARCH_PATHS = (
					"$(inherited)",
					"@executable_path/Frameworks",
				);
				PRODUCT_BUNDLE_IDENTIFIER = com.mji.Retro;
				PRODUCT_NAME = "$(TARGET_NAME)";
				SWIFT_VERSION = 5.0;
				TARGETED_DEVICE_FAMILY = "1,2";
			};
			name = Release;
		};
/* End XCBuildConfiguration section */

/* Begin XCConfigurationList section */
		72A949F222B293A100263836 /* Build configuration list for PBXProject "Retro" */ = {
			isa = XCConfigurationList;
			buildConfigurations = (
				72A94A0722B293A400263836 /* Debug */,
				72A94A0822B293A400263836 /* Release */,
			);
			defaultConfigurationIsVisible = 0;
			defaultConfigurationName = Release;
		};
		72A94A0922B293A400263836 /* Build configuration list for PBXNativeTarget "Retro" */ = {
			isa = XCConfigurationList;
			buildConfigurations = (
				72A94A0A22B293A400263836 /* Debug */,
				72A94A0B22B293A400263836 /* Release */,
			);
			defaultConfigurationIsVisible = 0;
			defaultConfigurationName = Release;
		};
/* End XCConfigurationList section */
	};
	rootObject = 72A949EF22B293A100263836 /* Project object */;
}
